
Microsoft Visual Studio Solution File, Format Version 12.00
# Visual Studio Version 17
VisualStudioVersion = 17.2.32602.215
MinimumVisualStudioVersion = 10.0.40219.1
Project("{FAE04EC0-301F-11D3-BF4B-00C04F79EFBC}") = "FITNESS-API", "FITNESS-API\FITNESS-API.csproj", "{5E2D6B33-8944-4BDB-91E6-9C7D350DD994}"
EndProject
Global
	GlobalSection(SolutionConfigurationPlatforms) = preSolution
		Debug|Any CPU = Debug|Any CPU
		Release|Any CPU = Release|Any CPU
	EndGlobalSection
	GlobalSection(ProjectConfigurationPlatforms) = postSolution
		{5E2D6B33-8944-4BDB-91E6-9C7D350DD994}.Debug|Any CPU.ActiveCfg = Debug|Any CPU
		{5E2D6B33-8944-4BDB-91E6-9C7D350DD994}.Debug|Any CPU.Build.0 = Debug|Any CPU
		{5E2D6B33-8944-4BDB-91E6-9C7D350DD994}.Release|Any CPU.ActiveCfg = Release|Any CPU
		{5E2D6B33-8944-4BDB-91E6-9C7D350DD994}.Release|Any CPU.Build.0 = Release|Any CPU
	EndGlobalSection
	GlobalSection(SolutionProperties) = preSolution
		HideSolutionNode = FALSE
	EndGlobalSection
	GlobalSection(ExtensibilityGlobals) = postSolution
		SolutionGuid = {C1DDEC5C-0508-4BFA-BBC0-D855F1AAAEC3}
	EndGlobalSection
EndGlobal
